
Microsoft Visual Studio Solution File, Format Version 12.00
# Visual Studio 2013
VisualStudioVersion = 12.0.40629.0
MinimumVisualStudioVersion = 10.0.40219.1
Project("{FAE04EC0-301F-11D3-BF4B-00C04F79EFBC}") = "S02E11", "S02E11\S02E11.csproj", "{218DFE95-9D8F-4B56-8B80-C71B9F5A63F2}"
EndProject
Project("{FAE04EC0-301F-11D3-BF4B-00C04F79EFBC}") = "UnitTests", "UnitTests\UnitTests.csproj", "{5B5ABB35-6B4C-4D1B-AD4B-7711A391A97E}"
EndProject
Global
	GlobalSection(SubversionScc) = preSolution
		Svn-Managed = True
		Manager = AnkhSVN - Subversion Support for Visual Studio
	EndGlobalSection
	GlobalSection(CodealikeProperties) = postSolution
		SolutionGuid = 95202208-f767-4842-8fe6-955badf1064f
	EndGlobalSection
	GlobalSection(SolutionConfigurationPlatforms) = preSolution
		Debug|Any CPU = Debug|Any CPU
		Release|Any CPU = Release|Any CPU
	EndGlobalSection
	GlobalSection(ProjectConfigurationPlatforms) = postSolution
		{218DFE95-9D8F-4B56-8B80-C71B9F5A63F2}.Debug|Any CPU.ActiveCfg = Debug|Any CPU
		{218DFE95-9D8F-4B56-8B80-C71B9F5A63F2}.Debug|Any CPU.Build.0 = Debug|Any CPU
		{218DFE95-9D8F-4B56-8B80-C71B9F5A63F2}.Release|Any CPU.ActiveCfg = Release|Any CPU
		{218DFE95-9D8F-4B56-8B80-C71B9F5A63F2}.Release|Any CPU.Build.0 = Release|Any CPU
		{5B5ABB35-6B4C-4D1B-AD4B-7711A391A97E}.Debug|Any CPU.ActiveCfg = Debug|Any CPU
		{5B5ABB35-6B4C-4D1B-AD4B-7711A391A97E}.Debug|Any CPU.Build.0 = Debug|Any CPU
		{5B5ABB35-6B4C-4D1B-AD4B-7711A391A97E}.Release|Any CPU.ActiveCfg = Release|Any CPU
		{5B5ABB35-6B4C-4D1B-AD4B-7711A391A97E}.Release|Any CPU.Build.0 = Release|Any CPU
	EndGlobalSection
	GlobalSection(SolutionProperties) = preSolution
		HideSolutionNode = FALSE
	EndGlobalSection
EndGlobal
